
Microsoft Visual Studio Solution File, Format Version 12.00
# Visual Studio 14
VisualStudioVersion = 14.0.25420.1
MinimumVisualStudioVersion = 10.0.40219.1
Project("{FAE04EC0-301F-11D3-BF4B-00C04F79EFBC}") = "RecorderService", "RecorderService\RecorderService.csproj", "{BFE713BC-C69A-4D7F-8C22-8AF976BCC4EF}"
EndProject
Project("{FAE04EC0-301F-11D3-BF4B-00C04F79EFBC}") = "RecorderHost", "RecorderHost\RecorderHost.csproj", "{E1AD69D3-542A-4C52-BC88-A684F30D90E6}"
	ProjectSection(ProjectDependencies) = postProject
		{BFE713BC-C69A-4D7F-8C22-8AF976BCC4EF} = {BFE713BC-C69A-4D7F-8C22-8AF976BCC4EF}
	EndProjectSection
EndProject
Project("{8BC9CEB8-8B4A-11D0-8D11-00A0C91BC942}") = "OptitrackUtils", "..\GTUtils\OptitrackUtils\OptitrackUtils.vcxproj", "{7AFA8C2F-914F-477F-B1F3-2A6EC817649E}"
EndProject
Project("{8BC9CEB8-8B4A-11D0-8D11-00A0C91BC942}") = "OptitrackLibWrapper", "..\GTUtils\OptitrackLibWrapper\OptitrackLibWrapper.vcxproj", "{5EAB7314-D649-49D6-9C57-2BBFB3E41C88}"
EndProject
Global
	GlobalSection(SolutionConfigurationPlatforms) = preSolution
		Debug|Any CPU = Debug|Any CPU
		Debug|x64 = Debug|x64
		Debug|x86 = Debug|x86
		Release|Any CPU = Release|Any CPU
		Release|x64 = Release|x64
		Release|x86 = Release|x86
	EndGlobalSection
	GlobalSection(ProjectConfigurationPlatforms) = postSolution
		{BFE713BC-C69A-4D7F-8C22-8AF976BCC4EF}.Debug|Any CPU.ActiveCfg = Debug|x86
		{BFE713BC-C69A-4D7F-8C22-8AF976BCC4EF}.Debug|Any CPU.Build.0 = Debug|x86
		{BFE713BC-C69A-4D7F-8C22-8AF976BCC4EF}.Debug|x64.ActiveCfg = Release|x64
		{BFE713BC-C69A-4D7F-8C22-8AF976BCC4EF}.Debug|x64.Build.0 = Release|x64
		{BFE713BC-C69A-4D7F-8C22-8AF976BCC4EF}.Debug|x86.ActiveCfg = Debug|x86
		{BFE713BC-C69A-4D7F-8C22-8AF976BCC4EF}.Debug|x86.Build.0 = Debug|x86
		{BFE713BC-C69A-4D7F-8C22-8AF976BCC4EF}.Release|Any CPU.ActiveCfg = Release|Any CPU
		{BFE713BC-C69A-4D7F-8C22-8AF976BCC4EF}.Release|Any CPU.Build.0 = Release|Any CPU
		{BFE713BC-C69A-4D7F-8C22-8AF976BCC4EF}.Release|x64.ActiveCfg = Release|Any CPU
		{BFE713BC-C69A-4D7F-8C22-8AF976BCC4EF}.Release|x64.Build.0 = Release|Any CPU
		{BFE713BC-C69A-4D7F-8C22-8AF976BCC4EF}.Release|x86.ActiveCfg = Release|x86
		{BFE713BC-C69A-4D7F-8C22-8AF976BCC4EF}.Release|x86.Build.0 = Release|x86
		{E1AD69D3-542A-4C52-BC88-A684F30D90E6}.Debug|Any CPU.ActiveCfg = Debug|x86
		{E1AD69D3-542A-4C52-BC88-A684F30D90E6}.Debug|Any CPU.Build.0 = Debug|x86
		{E1AD69D3-542A-4C52-BC88-A684F30D90E6}.Debug|x64.ActiveCfg = Release|Any CPU
		{E1AD69D3-542A-4C52-BC88-A684F30D90E6}.Debug|x64.Build.0 = Release|Any CPU
		{E1AD69D3-542A-4C52-BC88-A684F30D90E6}.Debug|x86.ActiveCfg = Debug|x86
		{E1AD69D3-542A-4C52-BC88-A684F30D90E6}.Debug|x86.Build.0 = Debug|x86
		{E1AD69D3-542A-4C52-BC88-A684F30D90E6}.Release|Any CPU.ActiveCfg = Release|Any CPU
		{E1AD69D3-542A-4C52-BC88-A684F30D90E6}.Release|Any CPU.Build.0 = Release|Any CPU
		{E1AD69D3-542A-4C52-BC88-A684F30D90E6}.Release|x64.ActiveCfg = Release|Any CPU
		{E1AD69D3-542A-4C52-BC88-A684F30D90E6}.Release|x64.Build.0 = Release|Any CPU
		{E1AD69D3-542A-4C52-BC88-A684F30D90E6}.Release|x86.ActiveCfg = Release|x86
		{E1AD69D3-542A-4C52-BC88-A684F30D90E6}.Release|x86.Build.0 = Release|x86
		{7AFA8C2F-914F-477F-B1F3-2A6EC817649E}.Debug|Any CPU.ActiveCfg = Debug|Win32
		{7AFA8C2F-914F-477F-B1F3-2A6EC817649E}.Debug|x64.ActiveCfg = Debug|x64
		{7AFA8C2F-914F-477F-B1F3-2A6EC817649E}.Debug|x64.Build.0 = Debug|x64
		{7AFA8C2F-914F-477F-B1F3-2A6EC817649E}.Debug|x86.ActiveCfg = Debug|Win32
		{7AFA8C2F-914F-477F-B1F3-2A6EC817649E}.Debug|x86.Build.0 = Debug|Win32
		{7AFA8C2F-914F-477F-B1F3-2A6EC817649E}.Release|Any CPU.ActiveCfg = Release|Win32
		{7AFA8C2F-914F-477F-B1F3-2A6EC817649E}.Release|x64.ActiveCfg = Release|x64
		{7AFA8C2F-914F-477F-B1F3-2A6EC817649E}.Release|x64.Build.0 = Release|x64
		{7AFA8C2F-914F-477F-B1F3-2A6EC817649E}.Release|x86.ActiveCfg = Release|Win32
		{7AFA8C2F-914F-477F-B1F3-2A6EC817649E}.Release|x86.Build.0 = Release|Win32
		{5EAB7314-D649-49D6-9C57-2BBFB3E41C88}.Debug|Any CPU.ActiveCfg = Debug|Win32
		{5EAB7314-D649-49D6-9C57-2BBFB3E41C88}.Debug|x64.ActiveCfg = Debug|x64
		{5EAB7314-D649-49D6-9C57-2BBFB3E41C88}.Debug|x64.Build.0 = Debug|x64
		{5EAB7314-D649-49D6-9C57-2BBFB3E41C88}.Debug|x86.ActiveCfg = Debug|Win32
		{5EAB7314-D649-49D6-9C57-2BBFB3E41C88}.Debug|x86.Build.0 = Debug|Win32
		{5EAB7314-D649-49D6-9C57-2BBFB3E41C88}.Release|Any CPU.ActiveCfg = Release|Win32
		{5EAB7314-D649-49D6-9C57-2BBFB3E41C88}.Release|x64.ActiveCfg = Release|x64
		{5EAB7314-D649-49D6-9C57-2BBFB3E41C88}.Release|x64.Build.0 = Release|x64
		{5EAB7314-D649-49D6-9C57-2BBFB3E41C88}.Release|x86.ActiveCfg = Release|Win32
		{5EAB7314-D649-49D6-9C57-2BBFB3E41C88}.Release|x86.Build.0 = Release|Win32
	EndGlobalSection
	GlobalSection(SolutionProperties) = preSolution
		HideSolutionNode = FALSE
	EndGlobalSection
EndGlobal
