
Microsoft Visual Studio Solution File, Format Version 12.00
# Visual Studio 14
VisualStudioVersion = 14.0.25420.1
MinimumVisualStudioVersion = 10.0.40219.1
Project("{8BC9CEB8-8B4A-11D0-8D11-00A0C91BC942}") = "OT_TemporalAlignment", "OT_TemporalAlignment\OT_TemporalAlignment.vcxproj", "{8ABC36F9-9BAA-4FC4-81DF-39CF30994CD8}"
EndProject
Project("{8BC9CEB8-8B4A-11D0-8D11-00A0C91BC942}") = "ITemporalAlignment", "ITemporalAlignment\ITemporalAlignment.vcxproj", "{967488D9-A643-4085-BD54-BEA4487D5284}"
EndProject
Global
	GlobalSection(SolutionConfigurationPlatforms) = preSolution
		Debug|x64 = Debug|x64
		Debug|x86 = Debug|x86
		Release|x64 = Release|x64
		Release|x86 = Release|x86
	EndGlobalSection
	GlobalSection(ProjectConfigurationPlatforms) = postSolution
		{8ABC36F9-9BAA-4FC4-81DF-39CF30994CD8}.Debug|x64.ActiveCfg = Debug|x64
		{8ABC36F9-9BAA-4FC4-81DF-39CF30994CD8}.Debug|x64.Build.0 = Debug|x64
		{8ABC36F9-9BAA-4FC4-81DF-39CF30994CD8}.Debug|x86.ActiveCfg = Debug|Win32
		{8ABC36F9-9BAA-4FC4-81DF-39CF30994CD8}.Debug|x86.Build.0 = Debug|Win32
		{8ABC36F9-9BAA-4FC4-81DF-39CF30994CD8}.Release|x64.ActiveCfg = Release|x64
		{8ABC36F9-9BAA-4FC4-81DF-39CF30994CD8}.Release|x64.Build.0 = Release|x64
		{8ABC36F9-9BAA-4FC4-81DF-39CF30994CD8}.Release|x86.ActiveCfg = Release|Win32
		{8ABC36F9-9BAA-4FC4-81DF-39CF30994CD8}.Release|x86.Build.0 = Release|Win32
		{967488D9-A643-4085-BD54-BEA4487D5284}.Debug|x64.ActiveCfg = Debug|x64
		{967488D9-A643-4085-BD54-BEA4487D5284}.Debug|x64.Build.0 = Debug|x64
		{967488D9-A643-4085-BD54-BEA4487D5284}.Debug|x86.ActiveCfg = Debug|Win32
		{967488D9-A643-4085-BD54-BEA4487D5284}.Debug|x86.Build.0 = Debug|Win32
		{967488D9-A643-4085-BD54-BEA4487D5284}.Release|x64.ActiveCfg = Release|x64
		{967488D9-A643-4085-BD54-BEA4487D5284}.Release|x64.Build.0 = Release|x64
		{967488D9-A643-4085-BD54-BEA4487D5284}.Release|x86.ActiveCfg = Release|Win32
		{967488D9-A643-4085-BD54-BEA4487D5284}.Release|x86.Build.0 = Release|Win32
	EndGlobalSection
	GlobalSection(SolutionProperties) = preSolution
		HideSolutionNode = FALSE
	EndGlobalSection
EndGlobal
